// !$*UTF8*$!
{
	archiveVersion = 1;
	classes = {
	};
	objectVersion = 55;
	objects = {

/* Begin PBXBuildFile section */
		C2524AE329C9D53A0053941F /* ClockGPTApp.swift in Sources */ = {isa = PBXBuildFile; fileRef = C2524AE229C9D53A0053941F /* ClockGPTApp.swift */; };
		C2524AE529C9D53A0053941F /* ContentView.swift in Sources */ = {isa = PBXBuildFile; fileRef = C2524AE429C9D53A0053941F /* ContentView.swift */; };
		C2524AE729C9D53A0053941F /* Assets.xcassets in Resources */ = {isa = PBXBuildFile; fileRef = C2524AE629C9D53A0053941F /* Assets.xcassets */; };
		C2524AEA29C9D53A0053941F /* Preview Assets.xcassets in Resources */ = {isa = PBXBuildFile; fileRef = C2524AE929C9D53A0053941F /* Preview Assets.xcassets */; };
		C2524AEC29C9D53A0053941F /* Persistence.swift in Sources */ = {isa = PBXBuildFile; fileRef = C2524AEB29C9D53A0053941F /* Persistence.swift */; };
		C2524AEF29C9D53B0053941F /* ClockGPT.xcdatamodeld in Sources */ = {isa = PBXBuildFile; fileRef = C2524AED29C9D53B0053941F /* ClockGPT.xcdatamodeld */; };
		C2524AFA29C9D53B0053941F /* ClockGPTTests.swift in Sources */ = {isa = PBXBuildFile; fileRef = C2524AF929C9D53B0053941F /* ClockGPTTests.swift */; };
		C2524B0429C9D53B0053941F /* ClockGPTUITests.swift in Sources */ = {isa = PBXBuildFile; fileRef = C2524B0329C9D53B0053941F /* ClockGPTUITests.swift */; };
		C2524B0629C9D53B0053941F /* ClockGPTUITestsLaunchTests.swift in Sources */ = {isa = PBXBuildFile; fileRef = C2524B0529C9D53B0053941F /* ClockGPTUITestsLaunchTests.swift */; };
/* End PBXBuildFile section */

/* Begin PBXContainerItemProxy section */
		C2524AF629C9D53B0053941F /* PBXContainerItemProxy */ = {
			isa = PBXContainerItemProxy;
			containerPortal = C2524AD729C9D53A0053941F /* Project object */;
			proxyType = 1;
			remoteGlobalIDString = C2524ADE29C9D53A0053941F;
			remoteInfo = ClockGPT;
		};
		C2524B0029C9D53B0053941F /* PBXContainerItemProxy */ = {
			isa = PBXContainerItemProxy;
			containerPortal = C2524AD729C9D53A0053941F /* Project object */;
			proxyType = 1;
			remoteGlobalIDString = C2524ADE29C9D53A0053941F;
			remoteInfo = ClockGPT;
		};
/* End PBXContainerItemProxy section */

/* Begin PBXFileReference section */
		C2524ADF29C9D53A0053941F /* ClockGPT.app */ = {isa = PBXFileReference; explicitFileType = wrapper.application; includeInIndex = 0; path = ClockGPT.app; sourceTree = BUILT_PRODUCTS_DIR; };
		C2524AE229C9D53A0053941F /* ClockGPTApp.swift */ = {isa = PBXFileReference; lastKnownFileType = sourcecode.swift; path = ClockGPTApp.swift; sourceTree = "<group>"; };
		C2524AE429C9D53A0053941F /* ContentView.swift */ = {isa = PBXFileReference; lastKnownFileType = sourcecode.swift; path = ContentView.swift; sourceTree = "<group>"; };
		C2524AE629C9D53A0053941F /* Assets.xcassets */ = {isa = PBXFileReference; lastKnownFileType = folder.assetcatalog; path = Assets.xcassets; sourceTree = "<group>"; };
		C2524AE929C9D53A0053941F /* Preview Assets.xcassets */ = {isa = PBXFileReference; lastKnownFileType = folder.assetcatalog; path = "Preview Assets.xcassets"; sourceTree = "<group>"; };
		C2524AEB29C9D53A0053941F /* Persistence.swift */ = {isa = PBXFileReference; lastKnownFileType = sourcecode.swift; path = Persistence.swift; sourceTree = "<group>"; };
		C2524AEE29C9D53B0053941F /* ClockGPT.xcdatamodel */ = {isa = PBXFileReference; lastKnownFileType = wrapper.xcdatamodel; path = ClockGPT.xcdatamodel; sourceTree = "<group>"; };
		C2524AF029C9D53B0053941F /* ClockGPT.entitlements */ = {isa = PBXFileReference; lastKnownFileType = text.plist.entitlements; path = ClockGPT.entitlements; sourceTree = "<group>"; };
		C2524AF529C9D53B0053941F /* ClockGPTTests.xctest */ = {isa = PBXFileReference; explicitFileType = wrapper.cfbundle; includeInIndex = 0; path = ClockGPTTests.xctest; sourceTree = BUILT_PRODUCTS_DIR; };
		C2524AF929C9D53B0053941F /* ClockGPTTests.swift */ = {isa = PBXFileReference; lastKnownFileType = sourcecode.swift; path = ClockGPTTests.swift; sourceTree = "<group>"; };
		C2524AFF29C9D53B0053941F /* ClockGPTUITests.xctest */ = {isa = PBXFileReference; explicitFileType = wrapper.cfbundle; includeInIndex = 0; path = ClockGPTUITests.xctest; sourceTree = BUILT_PRODUCTS_DIR; };
		C2524B0329C9D53B0053941F /* ClockGPTUITests.swift */ = {isa = PBXFileReference; lastKnownFileType = sourcecode.swift; path = ClockGPTUITests.swift; sourceTree = "<group>"; };
		C2524B0529C9D53B0053941F /* ClockGPTUITestsLaunchTests.swift */ = {isa = PBXFileReference; lastKnownFileType = sourcecode.swift; path = ClockGPTUITestsLaunchTests.swift; sourceTree = "<group>"; };
/* End PBXFileReference section */

/* Begin PBXFrameworksBuildPhase section */
		C2524ADC29C9D53A0053941F /* Frameworks */ = {
			isa = PBXFrameworksBuildPhase;
			buildActionMask = 2147483647;
			files = (
			);
			runOnlyForDeploymentPostprocessing = 0;
		};
		C2524AF229C9D53B0053941F /* Frameworks */ = {
			isa = PBXFrameworksBuildPhase;
			buildActionMask = 2147483647;
			files = (
			);
			runOnlyForDeploymentPostprocessing = 0;
		};
		C2524AFC29C9D53B0053941F /* Frameworks */ = {
			isa = PBXFrameworksBuildPhase;
			buildActionMask = 2147483647;
			files = (
			);
			runOnlyForDeploymentPostprocessing = 0;
		};
/* End PBXFrameworksBuildPhase section */

/* Begin PBXGroup section */
		C2524AD629C9D53A0053941F = {
			isa = PBXGroup;
			children = (
				C2524AE129C9D53A0053941F /* ClockGPT */,
				C2524AF829C9D53B0053941F /* ClockGPTTests */,
				C2524B0229C9D53B0053941F /* ClockGPTUITests */,
				C2524AE029C9D53A0053941F /* Products */,
			);
			sourceTree = "<group>";
		};
		C2524AE029C9D53A0053941F /* Products */ = {
			isa = PBXGroup;
			children = (
				C2524ADF29C9D53A0053941F /* ClockGPT.app */,
				C2524AF529C9D53B0053941F /* ClockGPTTests.xctest */,
				C2524AFF29C9D53B0053941F /* ClockGPTUITests.xctest */,
			);
			name = Products;
			sourceTree = "<group>";
		};
		C2524AE129C9D53A0053941F /* ClockGPT */ = {
			isa = PBXGroup;
			children = (
				C2524AE229C9D53A0053941F /* ClockGPTApp.swift */,
				C2524AE429C9D53A0053941F /* ContentView.swift */,
				C2524AE629C9D53A0053941F /* Assets.xcassets */,
				C2524AEB29C9D53A0053941F /* Persistence.swift */,
				C2524AF029C9D53B0053941F /* ClockGPT.entitlements */,
				C2524AED29C9D53B0053941F /* ClockGPT.xcdatamodeld */,
				C2524AE829C9D53A0053941F /* Preview Content */,
			);
			path = ClockGPT;
			sourceTree = "<group>";
		};
		C2524AE829C9D53A0053941F /* Preview Content */ = {
			isa = PBXGroup;
			children = (
				C2524AE929C9D53A0053941F /* Preview Assets.xcassets */,
			);
			path = "Preview Content";
			sourceTree = "<group>";
		};
		C2524AF829C9D53B0053941F /* ClockGPTTests */ = {
			isa = PBXGroup;
			children = (
				C2524AF929C9D53B0053941F /* ClockGPTTests.swift */,
			);
			path = ClockGPTTests;
			sourceTree = "<group>";
		};
		C2524B0229C9D53B0053941F /* ClockGPTUITests */ = {
			isa = PBXGroup;
			children = (
				C2524B0329C9D53B0053941F /* ClockGPTUITests.swift */,
				C2524B0529C9D53B0053941F /* ClockGPTUITestsLaunchTests.swift */,
			);
			path = ClockGPTUITests;
			sourceTree = "<group>";
		};
/* End PBXGroup section */

/* Begin PBXNativeTarget section */
		C2524ADE29C9D53A0053941F /* ClockGPT */ = {
			isa = PBXNativeTarget;
			buildConfigurationList = C2524B0929C9D53B0053941F /* Build configuration list for PBXNativeTarget "ClockGPT" */;
			buildPhases = (
				C2524ADB29C9D53A0053941F /* Sources */,
				C2524ADC29C9D53A0053941F /* Frameworks */,
				C2524ADD29C9D53A0053941F /* Resources */,
			);
			buildRules = (
			);
			dependencies = (
			);
			name = ClockGPT;
			productName = ClockGPT;
			productReference = C2524ADF29C9D53A0053941F /* ClockGPT.app */;
			productType = "com.apple.product-type.application";
		};
		C2524AF429C9D53B0053941F /* ClockGPTTests */ = {
			isa = PBXNativeTarget;
			buildConfigurationList = C2524B0C29C9D53B0053941F /* Build configuration list for PBXNativeTarget "ClockGPTTests" */;
			buildPhases = (
				C2524AF129C9D53B0053941F /* Sources */,
				C2524AF229C9D53B0053941F /* Frameworks */,
				C2524AF329C9D53B0053941F /* Resources */,
			);
			buildRules = (
			);
			dependencies = (
				C2524AF729C9D53B0053941F /* PBXTargetDependency */,
			);
			name = ClockGPTTests;
			productName = ClockGPTTests;
			productReference = C2524AF529C9D53B0053941F /* ClockGPTTests.xctest */;
			productType = "com.apple.product-type.bundle.unit-test";
		};
		C2524AFE29C9D53B0053941F /* ClockGPTUITests */ = {
			isa = PBXNativeTarget;
			buildConfigurationList = C2524B0F29C9D53B0053941F /* Build configuration list for PBXNativeTarget "ClockGPTUITests" */;
			buildPhases = (
				C2524AFB29C9D53B0053941F /* Sources */,
				C2524AFC29C9D53B0053941F /* Frameworks */,
				C2524AFD29C9D53B0053941F /* Resources */,
			);
			buildRules = (
			);
			dependencies = (
				C2524B0129C9D53B0053941F /* PBXTargetDependency */,
			);
			name = ClockGPTUITests;
			productName = ClockGPTUITests;
			productReference = C2524AFF29C9D53B0053941F /* ClockGPTUITests.xctest */;
			productType = "com.apple.product-type.bundle.ui-testing";
		};
/* End PBXNativeTarget section */

/* Begin PBXProject section */
		C2524AD729C9D53A0053941F /* Project object */ = {
			isa = PBXProject;
			attributes = {
				BuildIndependentTargetsInParallel = 1;
				LastSwiftUpdateCheck = 1340;
				LastUpgradeCheck = 1340;
				TargetAttributes = {
					C2524ADE29C9D53A0053941F = {
						CreatedOnToolsVersion = 13.4;
					};
					C2524AF429C9D53B0053941F = {
						CreatedOnToolsVersion = 13.4;
						TestTargetID = C2524ADE29C9D53A0053941F;
					};
					C2524AFE29C9D53B0053941F = {
						CreatedOnToolsVersion = 13.4;
						TestTargetID = C2524ADE29C9D53A0053941F;
					};
				};
			};
			buildConfigurationList = C2524ADA29C9D53A0053941F /* Build configuration list for PBXProject "ClockGPT" */;
			compatibilityVersion = "Xcode 13.0";
			developmentRegion = en;
			hasScannedForEncodings = 0;
			knownRegions = (
				en,
				Base,
			);
			mainGroup = C2524AD629C9D53A0053941F;
			productRefGroup = C2524AE029C9D53A0053941F /* Products */;
			projectDirPath = "";
			projectRoot = "";
			targets = (
				C2524ADE29C9D53A0053941F /* ClockGPT */,
				C2524AF429C9D53B0053941F /* ClockGPTTests */,
				C2524AFE29C9D53B0053941F /* ClockGPTUITests */,
			);
		};
/* End PBXProject section */

/* Begin PBXResourcesBuildPhase section */
		C2524ADD29C9D53A0053941F /* Resources */ = {
			isa = PBXResourcesBuildPhase;
			buildActionMask = 2147483647;
			files = (
				C2524AEA29C9D53A0053941F /* Preview Assets.xcassets in Resources */,
				C2524AE729C9D53A0053941F /* Assets.xcassets in Resources */,
			);
			runOnlyForDeploymentPostprocessing = 0;
		};
		C2524AF329C9D53B0053941F /* Resources */ = {
			isa = PBXResourcesBuildPhase;
			buildActionMask = 2147483647;
			files = (
			);
			runOnlyForDeploymentPostprocessing = 0;
		};
		C2524AFD29C9D53B0053941F /* Resources */ = {
			isa = PBXResourcesBuildPhase;
			buildActionMask = 2147483647;
			files = (
			);
			runOnlyForDeploymentPostprocessing = 0;
		};
/* End PBXResourcesBuildPhase section */

/* Begin PBXSourcesBuildPhase section */
		C2524ADB29C9D53A0053941F /* Sources */ = {
			isa = PBXSourcesBuildPhase;
			buildActionMask = 2147483647;
			files = (
				C2524AEF29C9D53B0053941F /* ClockGPT.xcdatamodeld in Sources */,
				C2524AEC29C9D53A0053941F /* Persistence.swift in Sources */,
				C2524AE529C9D53A0053941F /* ContentView.swift in Sources */,
				C2524AE329C9D53A0053941F /* ClockGPTApp.swift in Sources */,
			);
			runOnlyForDeploymentPostprocessing = 0;
		};
		C2524AF129C9D53B0053941F /* Sources */ = {
			isa = PBXSourcesBuildPhase;
			buildActionMask = 2147483647;
			files = (
				C2524AFA29C9D53B0053941F /* ClockGPTTests.swift in Sources */,
			);
			runOnlyForDeploymentPostprocessing = 0;
		};
		C2524AFB29C9D53B0053941F /* Sources */ = {
			isa = PBXSourcesBuildPhase;
			buildActionMask = 2147483647;
			files = (
				C2524B0629C9D53B0053941F /* ClockGPTUITestsLaunchTests.swift in Sources */,
				C2524B0429C9D53B0053941F /* ClockGPTUITests.swift in Sources */,
			);
			runOnlyForDeploymentPostprocessing = 0;
		};
/* End PBXSourcesBuildPhase section */

/* Begin PBXTargetDependency section */
		C2524AF729C9D53B0053941F /* PBXTargetDependency */ = {
			isa = PBXTargetDependency;
			target = C2524ADE29C9D53A0053941F /* ClockGPT */;
			targetProxy = C2524AF629C9D53B0053941F /* PBXContainerItemProxy */;
		};
		C2524B0129C9D53B0053941F /* PBXTargetDependency */ = {
			isa = PBXTargetDependency;
			target = C2524ADE29C9D53A0053941F /* ClockGPT */;
			targetProxy = C2524B0029C9D53B0053941F /* PBXContainerItemProxy */;
		};
/* End PBXTargetDependency section */

/* Begin XCBuildConfiguration section */
		C2524B0729C9D53B0053941F /* Debug */ = {
			isa = XCBuildConfiguration;
			buildSettings = {
				ALWAYS_SEARCH_USER_PATHS = NO;
				CLANG_ANALYZER_NONNULL = YES;
				CLANG_ANALYZER_NUMBER_OBJECT_CONVERSION = YES_AGGRESSIVE;
				CLANG_CXX_LANGUAGE_STANDARD = "gnu++17";
				CLANG_ENABLE_MODULES = YES;
				CLANG_ENABLE_OBJC_ARC = YES;
				CLANG_ENABLE_OBJC_WEAK = YES;
				CLANG_WARN_BLOCK_CAPTURE_AUTORELEASING = YES;
				CLANG_WARN_BOOL_CONVERSION = YES;
				CLANG_WARN_COMMA = YES;
				CLANG_WARN_CONSTANT_CONVERSION = YES;
				CLANG_WARN_DEPRECATED_OBJC_IMPLEMENTATIONS = YES;
				CLANG_WARN_DIRECT_OBJC_ISA_USAGE = YES_ERROR;
				CLANG_WARN_DOCUMENTATION_COMMENTS = YES;
				CLANG_WARN_EMPTY_BODY = YES;
				CLANG_WARN_ENUM_CONVERSION = YES;
				CLANG_WARN_INFINITE_RECURSION = YES;
				CLANG_WARN_INT_CONVERSION = YES;
				CLANG_WARN_NON_LITERAL_NULL_CONVERSION = YES;
				CLANG_WARN_OBJC_IMPLICIT_RETAIN_SELF = YES;
				CLANG_WARN_OBJC_LITERAL_CONVERSION = YES;
				CLANG_WARN_OBJC_ROOT_CLASS = YES_ERROR;
				CLANG_WARN_QUOTED_INCLUDE_IN_FRAMEWORK_HEADER = YES;
				CLANG_WARN_RANGE_LOOP_ANALYSIS = YES;
				CLANG_WARN_STRICT_PROTOTYPES = YES;
				CLANG_WARN_SUSPICIOUS_MOVE = YES;
				CLANG_WARN_UNGUARDED_AVAILABILITY = YES_AGGRESSIVE;
				CLANG_WARN_UNREACHABLE_CODE = YES;
				CLANG_WARN__DUPLICATE_METHOD_MATCH = YES;
				COPY_PHASE_STRIP = NO;
				DEBUG_INFORMATION_FORMAT = dwarf;
				ENABLE_STRICT_OBJC_MSGSEND = YES;
				ENABLE_TESTABILITY = YES;
				GCC_C_LANGUAGE_STANDARD = gnu11;
				GCC_DYNAMIC_NO_PIC = NO;
				GCC_NO_COMMON_BLOCKS = YES;
				GCC_OPTIMIZATION_LEVEL = 0;
				GCC_PREPROCESSOR_DEFINITIONS = (
					"DEBUG=1",
					"$(inherited)",
				);
				GCC_WARN_64_TO_32_BIT_CONVERSION = YES;
				GCC_WARN_ABOUT_RETURN_TYPE = YES_ERROR;
				GCC_WARN_UNDECLARED_SELECTOR = YES;
				GCC_WARN_UNINITIALIZED_AUTOS = YES_AGGRESSIVE;
				GCC_WARN_UNUSED_FUNCTION = YES;
				GCC_WARN_UNUSED_VARIABLE = YES;
				MACOSX_DEPLOYMENT_TARGET = 12.3;
				MTL_ENABLE_DEBUG_INFO = INCLUDE_SOURCE;
				MTL_FAST_MATH = YES;
				ONLY_ACTIVE_ARCH = YES;
				SDKROOT = macosx;
				SWIFT_ACTIVE_COMPILATION_CONDITIONS = DEBUG;
				SWIFT_OPTIMIZATION_LEVEL = "-Onone";
			};
			name = Debug;
		};
		C2524B0829C9D53B0053941F /* Release */ = {
			isa = XCBuildConfiguration;
			buildSettings = {
				ALWAYS_SEARCH_USER_PATHS = NO;
				CLANG_ANALYZER_NONNULL = YES;
				CLANG_ANALYZER_NUMBER_OBJECT_CONVERSION = YES_AGGRESSIVE;
				CLANG_CXX_LANGUAGE_STANDARD = "gnu++17";
				CLANG_ENABLE_MODULES = YES;
				CLANG_ENABLE_OBJC_ARC = YES;
				CLANG_ENABLE_OBJC_WEAK = YES;
				CLANG_WARN_BLOCK_CAPTURE_AUTORELEASING = YES;
				CLANG_WARN_BOOL_CONVERSION = YES;
				CLANG_WARN_COMMA = YES;
				CLANG_WARN_CONSTANT_CONVERSION = YES;
				CLANG_WARN_DEPRECATED_OBJC_IMPLEMENTATIONS = YES;
				CLANG_WARN_DIRECT_OBJC_ISA_USAGE = YES_ERROR;
				CLANG_WARN_DOCUMENTATION_COMMENTS = YES;
				CLANG_WARN_EMPTY_BODY = YES;
				CLANG_WARN_ENUM_CONVERSION = YES;
				CLANG_WARN_INFINITE_RECURSION = YES;
				CLANG_WARN_INT_CONVERSION = YES;
				CLANG_WARN_NON_LITERAL_NULL_CONVERSION = YES;
				CLANG_WARN_OBJC_IMPLICIT_RETAIN_SELF = YES;
				CLANG_WARN_OBJC_LITERAL_CONVERSION = YES;
				CLANG_WARN_OBJC_ROOT_CLASS = YES_ERROR;
				CLANG_WARN_QUOTED_INCLUDE_IN_FRAMEWORK_HEADER = YES;
				CLANG_WARN_RANGE_LOOP_ANALYSIS = YES;
				CLANG_WARN_STRICT_PROTOTYPES = YES;
				CLANG_WARN_SUSPICIOUS_MOVE = YES;
				CLANG_WARN_UNGUARDED_AVAILABILITY = YES_AGGRESSIVE;
				CLANG_WARN_UNREACHABLE_CODE = YES;
				CLANG_WARN__DUPLICATE_METHOD_MATCH = YES;
				COPY_PHASE_STRIP = NO;
				DEBUG_INFORMATION_FORMAT = "dwarf-with-dsym";
				ENABLE_NS_ASSERTIONS = NO;
				ENABLE_STRICT_OBJC_MSGSEND = YES;
				GCC_C_LANGUAGE_STANDARD = gnu11;
				GCC_NO_COMMON_BLOCKS = YES;
				GCC_WARN_64_TO_32_BIT_CONVERSION = YES;
				GCC_WARN_ABOUT_RETURN_TYPE = YES_ERROR;
				GCC_WARN_UNDECLARED_SELECTOR = YES;
				GCC_WARN_UNINITIALIZED_AUTOS = YES_AGGRESSIVE;
				GCC_WARN_UNUSED_FUNCTION = YES;
				GCC_WARN_UNUSED_VARIABLE = YES;
				MACOSX_DEPLOYMENT_TARGET = 12.3;
				MTL_ENABLE_DEBUG_INFO = NO;
				MTL_FAST_MATH = YES;
				SDKROOT = macosx;
				SWIFT_COMPILATION_MODE = wholemodule;
				SWIFT_OPTIMIZATION_LEVEL = "-O";
			};
			name = Release;
		};
		C2524B0A29C9D53B0053941F /* Debug */ = {
			isa = XCBuildConfiguration;
			buildSettings = {
				ASSETCATALOG_COMPILER_APPICON_NAME = AppIcon;
				ASSETCATALOG_COMPILER_GLOBAL_ACCENT_COLOR_NAME = AccentColor;
				CODE_SIGN_ENTITLEMENTS = ClockGPT/ClockGPT.entitlements;
				CODE_SIGN_STYLE = Automatic;
				COMBINE_HIDPI_IMAGES = YES;
				CURRENT_PROJECT_VERSION = 1;
				DEVELOPMENT_ASSET_PATHS = "\"ClockGPT/Preview Content\"";
				DEVELOPMENT_TEAM = 8T8C6M56T9;
				ENABLE_HARDENED_RUNTIME = YES;
				ENABLE_PREVIEWS = YES;
				GENERATE_INFOPLIST_FILE = YES;
				INFOPLIST_KEY_NSHumanReadableCopyright = "";
				LD_RUNPATH_SEARCH_PATHS = (
					"$(inherited)",
					"@executable_path/../Frameworks",
				);
				MARKETING_VERSION = 1.0;
				PRODUCT_BUNDLE_IDENTIFIER = rees.ClockGPT;
				PRODUCT_NAME = "$(TARGET_NAME)";
				SWIFT_EMIT_LOC_STRINGS = YES;
				SWIFT_VERSION = 5.0;
			};
			name = Debug;
		};
		C2524B0B29C9D53B0053941F /* Release */ = {
			isa = XCBuildConfiguration;
			buildSettings = {
				ASSETCATALOG_COMPILER_APPICON_NAME = AppIcon;
				ASSETCATALOG_COMPILER_GLOBAL_ACCENT_COLOR_NAME = AccentColor;
				CODE_SIGN_ENTITLEMENTS = ClockGPT/ClockGPT.entitlements;
				CODE_SIGN_STYLE = Automatic;
				COMBINE_HIDPI_IMAGES = YES;
				CURRENT_PROJECT_VERSION = 1;
				DEVELOPMENT_ASSET_PATHS = "\"ClockGPT/Preview Content\"";
				DEVELOPMENT_TEAM = 8T8C6M56T9;
				ENABLE_HARDENED_RUNTIME = YES;
				ENABLE_PREVIEWS = YES;
				GENERATE_INFOPLIST_FILE = YES;
				INFOPLIST_KEY_NSHumanReadableCopyright = "";
				LD_RUNPATH_SEARCH_PATHS = (
					"$(inherited)",
					"@executable_path/../Frameworks",
				);
				MARKETING_VERSION = 1.0;
				PRODUCT_BUNDLE_IDENTIFIER = rees.ClockGPT;
				PRODUCT_NAME = "$(TARGET_NAME)";
				SWIFT_EMIT_LOC_STRINGS = YES;
				SWIFT_VERSION = 5.0;
			};
			name = Release;
		};
		C2524B0D29C9D53B0053941F /* Debug */ = {
			isa = XCBuildConfiguration;
			buildSettings = {
				ALWAYS_EMBED_SWIFT_STANDARD_LIBRARIES = YES;
				BUNDLE_LOADER = "$(TEST_HOST)";
				CODE_SIGN_STYLE = Automatic;
				CURRENT_PROJECT_VERSION = 1;
				DEVELOPMENT_TEAM = 8T8C6M56T9;
				GENERATE_INFOPLIST_FILE = YES;
				MACOSX_DEPLOYMENT_TARGET = 12.3;
				MARKETING_VERSION = 1.0;
				PRODUCT_BUNDLE_IDENTIFIER = rees.ClockGPTTests;
				PRODUCT_NAME = "$(TARGET_NAME)";
				SWIFT_EMIT_LOC_STRINGS = NO;
				SWIFT_VERSION = 5.0;
				TEST_HOST = "$(BUILT_PRODUCTS_DIR)/ClockGPT.app/Contents/MacOS/ClockGPT";
			};
			name = Debug;
		};
		C2524B0E29C9D53B0053941F /* Release */ = {
			isa = XCBuildConfiguration;
			buildSettings = {
				ALWAYS_EMBED_SWIFT_STANDARD_LIBRARIES = YES;
				BUNDLE_LOADER = "$(TEST_HOST)";
				CODE_SIGN_STYLE = Automatic;
				CURRENT_PROJECT_VERSION = 1;
				DEVELOPMENT_TEAM = 8T8C6M56T9;
				GENERATE_INFOPLIST_FILE = YES;
				MACOSX_DEPLOYMENT_TARGET = 12.3;
				MARKETING_VERSION = 1.0;
				PRODUCT_BUNDLE_IDENTIFIER = rees.ClockGPTTests;
				PRODUCT_NAME = "$(TARGET_NAME)";
				SWIFT_EMIT_LOC_STRINGS = NO;
				SWIFT_VERSION = 5.0;
				TEST_HOST = "$(BUILT_PRODUCTS_DIR)/ClockGPT.app/Contents/MacOS/ClockGPT";
			};
			name = Release;
		};
		C2524B1029C9D53B0053941F /* Debug */ = {
			isa = XCBuildConfiguration;
			buildSettings = {
				ALWAYS_EMBED_SWIFT_STANDARD_LIBRARIES = YES;
				CODE_SIGN_STYLE = Automatic;
				CURRENT_PROJECT_VERSION = 1;
				DEVELOPMENT_TEAM = 8T8C6M56T9;
				GENERATE_INFOPLIST_FILE = YES;
				MARKETING_VERSION = 1.0;
				PRODUCT_BUNDLE_IDENTIFIER = rees.ClockGPTUITests;
				PRODUCT_NAME = "$(TARGET_NAME)";
				SWIFT_EMIT_LOC_STRINGS = NO;
				SWIFT_VERSION = 5.0;
				TEST_TARGET_NAME = ClockGPT;
			};
			name = Debug;
		};
		C2524B1129C9D53B0053941F /* Release */ = {
			isa = XCBuildConfiguration;
			buildSettings = {
				ALWAYS_EMBED_SWIFT_STANDARD_LIBRARIES = YES;
				CODE_SIGN_STYLE = Automatic;
				CURRENT_PROJECT_VERSION = 1;
				DEVELOPMENT_TEAM = 8T8C6M56T9;
				GENERATE_INFOPLIST_FILE = YES;
				MARKETING_VERSION = 1.0;
				PRODUCT_BUNDLE_IDENTIFIER = rees.ClockGPTUITests;
				PRODUCT_NAME = "$(TARGET_NAME)";
				SWIFT_EMIT_LOC_STRINGS = NO;
				SWIFT_VERSION = 5.0;
				TEST_TARGET_NAME = ClockGPT;
			};
			name = Release;
		};
/* End XCBuildConfiguration section */

/* Begin XCConfigurationList section */
		C2524ADA29C9D53A0053941F /* Build configuration list for PBXProject "ClockGPT" */ = {
			isa = XCConfigurationList;
			buildConfigurations = (
				C2524B0729C9D53B0053941F /* Debug */,
				C2524B0829C9D53B0053941F /* Release */,
			);
			defaultConfigurationIsVisible = 0;
			defaultConfigurationName = Release;
		};
		C2524B0929C9D53B0053941F /* Build configuration list for PBXNativeTarget "ClockGPT" */ = {
			isa = XCConfigurationList;
			buildConfigurations = (
				C2524B0A29C9D53B0053941F /* Debug */,
				C2524B0B29C9D53B0053941F /* Release */,
			);
			defaultConfigurationIsVisible = 0;
			defaultConfigurationName = Release;
		};
		C2524B0C29C9D53B0053941F /* Build configuration list for PBXNativeTarget "ClockGPTTests" */ = {
			isa = XCConfigurationList;
			buildConfigurations = (
				C2524B0D29C9D53B0053941F /* Debug */,
				C2524B0E29C9D53B0053941F /* Release */,
			);
			defaultConfigurationIsVisible = 0;
			defaultConfigurationName = Release;
		};
		C2524B0F29C9D53B0053941F /* Build configuration list for PBXNativeTarget "ClockGPTUITests" */ = {
			isa = XCConfigurationList;
			buildConfigurations = (
				C2524B1029C9D53B0053941F /* Debug */,
				C2524B1129C9D53B0053941F /* Release */,
			);
			defaultConfigurationIsVisible = 0;
			defaultConfigurationName = Release;
		};
/* End XCConfigurationList section */

/* Begin XCVersionGroup section */
		C2524AED29C9D53B0053941F /* ClockGPT.xcdatamodeld */ = {
			isa = XCVersionGroup;
			children = (
				C2524AEE29C9D53B0053941F /* ClockGPT.xcdatamodel */,
			);
			currentVersion = C2524AEE29C9D53B0053941F /* ClockGPT.xcdatamodel */;
			path = ClockGPT.xcdatamodeld;
			sourceTree = "<group>";
			versionGroupType = wrapper.xcdatamodel;
		};
/* End XCVersionGroup section */
	};
	rootObject = C2524AD729C9D53A0053941F /* Project object */;
}
